
Microsoft Visual Studio Solution File, Format Version 12.00
# Visual Studio Version 17
VisualStudioVersion = 17.7.34221.43
MinimumVisualStudioVersion = 10.0.40219.1
Project("{FAE04EC0-301F-11D3-BF4B-00C04F79EFBC}") = "Jagged_Array_Part_1", "Jagged_Array_Part_1\Jagged_Array_Part_1.csproj", "{87E13EC4-A036-4469-87BF-86F92D5F7315}"
EndProject
Global
	GlobalSection(SolutionConfigurationPlatforms) = preSolution
		Debug|Any CPU = Debug|Any CPU
		Release|Any CPU = Release|Any CPU
	EndGlobalSection
	GlobalSection(ProjectConfigurationPlatforms) = postSolution
		{87E13EC4-A036-4469-87BF-86F92D5F7315}.Debug|Any CPU.ActiveCfg = Debug|Any CPU
		{87E13EC4-A036-4469-87BF-86F92D5F7315}.Debug|Any CPU.Build.0 = Debug|Any CPU
		{87E13EC4-A036-4469-87BF-86F92D5F7315}.Release|Any CPU.ActiveCfg = Release|Any CPU
		{87E13EC4-A036-4469-87BF-86F92D5F7315}.Release|Any CPU.Build.0 = Release|Any CPU
	EndGlobalSection
	GlobalSection(SolutionProperties) = preSolution
		HideSolutionNode = FALSE
	EndGlobalSection
	GlobalSection(ExtensibilityGlobals) = postSolution
		SolutionGuid = {A196BF4C-35DA-4122-AC04-93C21E6CC298}
	EndGlobalSection
EndGlobal
