
Microsoft Visual Studio Solution File, Format Version 12.00
# Visual Studio Version 17
VisualStudioVersion = 17.7.34221.43
MinimumVisualStudioVersion = 10.0.40219.1
Project("{FAE04EC0-301F-11D3-BF4B-00C04F79EFBC}") = "Jagged_Array_Part_4", "Jagged_Array_Part_4\Jagged_Array_Part_4.csproj", "{6FF2F450-47C4-4506-AC90-A238462D41CA}"
EndProject
Global
	GlobalSection(SolutionConfigurationPlatforms) = preSolution
		Debug|Any CPU = Debug|Any CPU
		Release|Any CPU = Release|Any CPU
	EndGlobalSection
	GlobalSection(ProjectConfigurationPlatforms) = postSolution
		{6FF2F450-47C4-4506-AC90-A238462D41CA}.Debug|Any CPU.ActiveCfg = Debug|Any CPU
		{6FF2F450-47C4-4506-AC90-A238462D41CA}.Debug|Any CPU.Build.0 = Debug|Any CPU
		{6FF2F450-47C4-4506-AC90-A238462D41CA}.Release|Any CPU.ActiveCfg = Release|Any CPU
		{6FF2F450-47C4-4506-AC90-A238462D41CA}.Release|Any CPU.Build.0 = Release|Any CPU
	EndGlobalSection
	GlobalSection(SolutionProperties) = preSolution
		HideSolutionNode = FALSE
	EndGlobalSection
	GlobalSection(ExtensibilityGlobals) = postSolution
		SolutionGuid = {0C0DA4EF-56BE-45D1-BDC0-5008C0B7B594}
	EndGlobalSection
EndGlobal
